dependencies:
- name: cluster-controller
  repository: file://../cluster-controller
  version: 1.0.0
- name: policy-agent
  repository: https://weaveworks.github.io/policy-agent
  version: 1.2.1
digest: sha256:b3e2fd5e473e70d3f4ac5f0e6ce3e773d236b14293b3109a7a1f5e2b4eb5aaa7
generated: "2022-10-12T10:56:49.130331+01:00"
