dependencies:
- name: cluster-controller
  repository: file://../cluster-controller
  version: 1.0.0
- name: policy-agent
  repository: https://weaveworks.github.io/policy-agent
  version: 2.1.1
- name: pipeline-controller
  repository: oci://ghcr.io/weaveworks/charts
  version: 0.7.0
digest: sha256:383e13af3bd6b1be85c8fda7202d192cb49f74a50ccd5088d8bd1c39b1e6fdfb
generated: "2022-12-08T12:44:02.313393729Z"
