dependencies:
- name: cluster-controller
  repository: file://../cluster-controller
  version: 1.0.0
- name: policy-agent
  repository: https://weaveworks.github.io/policy-agent
  version: 1.2.1
- name: pipeline-controller
  repository: oci://ghcr.io/weaveworks/charts
  version: 0.0.2
digest: sha256:9bb544f175d3794271190128c903c8a0d2356a218761c10f97010d4b00af7845
generated: "2022-10-31T11:30:44.332516597-07:00"
